
Microsoft Visual Studio Solution File, Format Version 12.00
# Visual Studio Version 17
VisualStudioVersion = 17.6.33815.320
MinimumVisualStudioVersion = 10.0.40219.1
Project("{9A19103F-16F7-4668-BE54-9A1E7A4F7556}") = "WebAppSimplifica2", "WebAppSimplifica2\WebAppSimplifica2.csproj", "{A669A545-9398-40C6-A1A0-2DB9C0D1599F}"
EndProject
Global
	GlobalSection(SolutionConfigurationPlatforms) = preSolution
		Debug|Any CPU = Debug|Any CPU
		Release|Any CPU = Release|Any CPU
	EndGlobalSection
	GlobalSection(ProjectConfigurationPlatforms) = postSolution
		{A669A545-9398-40C6-A1A0-2DB9C0D1599F}.Debug|Any CPU.ActiveCfg = Debug|Any CPU
		{A669A545-9398-40C6-A1A0-2DB9C0D1599F}.Debug|Any CPU.Build.0 = Debug|Any CPU
		{A669A545-9398-40C6-A1A0-2DB9C0D1599F}.Release|Any CPU.ActiveCfg = Release|Any CPU
		{A669A545-9398-40C6-A1A0-2DB9C0D1599F}.Release|Any CPU.Build.0 = Release|Any CPU
	EndGlobalSection
	GlobalSection(SolutionProperties) = preSolution
		HideSolutionNode = FALSE
	EndGlobalSection
	GlobalSection(ExtensibilityGlobals) = postSolution
		SolutionGuid = {2350FAE8-5B43-49CF-ADDE-59CE89BC4A0A}
	EndGlobalSection
EndGlobal
